
Microsoft Visual Studio Solution File, Format Version 11.00
# Visual Studio 2010
Project("{FAE04EC0-301F-11D3-BF4B-00C04F79EFBC}") = "ILoveAOP", "ILoveAOP\ILoveAOP.csproj", "{62432A4F-7F22-4148-9E70-96485F6752F3}"
EndProject
Project("{FAE04EC0-301F-11D3-BF4B-00C04F79EFBC}") = "ILoveAOP.Services", "ILoveAOP.Services\ILoveAOP.Services.csproj", "{DA574AB7-203B-4220-8844-DC4C7DB914BB}"
EndProject
Global
	GlobalSection(SolutionConfigurationPlatforms) = preSolution
		Debug|Any CPU = Debug|Any CPU
		Release|Any CPU = Release|Any CPU
	EndGlobalSection
	GlobalSection(ProjectConfigurationPlatforms) = postSolution
		{62432A4F-7F22-4148-9E70-96485F6752F3}.Debug|Any CPU.ActiveCfg = Debug|Any CPU
		{62432A4F-7F22-4148-9E70-96485F6752F3}.Debug|Any CPU.Build.0 = Debug|Any CPU
		{62432A4F-7F22-4148-9E70-96485F6752F3}.Release|Any CPU.ActiveCfg = Release|Any CPU
		{62432A4F-7F22-4148-9E70-96485F6752F3}.Release|Any CPU.Build.0 = Release|Any CPU
		{DA574AB7-203B-4220-8844-DC4C7DB914BB}.Debug|Any CPU.ActiveCfg = Debug|Any CPU
		{DA574AB7-203B-4220-8844-DC4C7DB914BB}.Debug|Any CPU.Build.0 = Debug|Any CPU
		{DA574AB7-203B-4220-8844-DC4C7DB914BB}.Release|Any CPU.ActiveCfg = Release|Any CPU
		{DA574AB7-203B-4220-8844-DC4C7DB914BB}.Release|Any CPU.Build.0 = Release|Any CPU
	EndGlobalSection
	GlobalSection(SolutionProperties) = preSolution
		HideSolutionNode = FALSE
	EndGlobalSection
EndGlobal
